
Microsoft Visual Studio Solution File, Format Version 12.00
# Visual Studio Version 17
VisualStudioVersion = 17.14.37012.4 d17.14
MinimumVisualStudioVersion = 10.0.40219.1
Project("{00D1A9C2-B5F0-4AF3-8072-F6C62B433612}") = "AdventureWorks2022_Project", "AdventureWorks2022_Project.sqlproj", "{97C1E56C-4A91-4353-8680-114609F152DE}"
EndProject
Global
	GlobalSection(SolutionConfigurationPlatforms) = preSolution
		Debug|Any CPU = Debug|Any CPU
		Release|Any CPU = Release|Any CPU
	EndGlobalSection
	GlobalSection(ProjectConfigurationPlatforms) = postSolution
		{97C1E56C-4A91-4353-8680-114609F152DE}.Debug|Any CPU.ActiveCfg = Debug|Any CPU
		{97C1E56C-4A91-4353-8680-114609F152DE}.Debug|Any CPU.Build.0 = Debug|Any CPU
		{97C1E56C-4A91-4353-8680-114609F152DE}.Debug|Any CPU.Deploy.0 = Debug|Any CPU
		{97C1E56C-4A91-4353-8680-114609F152DE}.Release|Any CPU.ActiveCfg = Release|Any CPU
		{97C1E56C-4A91-4353-8680-114609F152DE}.Release|Any CPU.Build.0 = Release|Any CPU
		{97C1E56C-4A91-4353-8680-114609F152DE}.Release|Any CPU.Deploy.0 = Release|Any CPU
	EndGlobalSection
	GlobalSection(SolutionProperties) = preSolution
		HideSolutionNode = FALSE
	EndGlobalSection
	GlobalSection(ExtensibilityGlobals) = postSolution
		SolutionGuid = {3725AA16-BA0A-44A9-9545-87AD3EBC1236}
	EndGlobalSection
EndGlobal
